
Microsoft Visual Studio Solution File, Format Version 12.00
# Visual Studio 2013
VisualStudioVersion = 12.0.0.0
MinimumVisualStudioVersion = 10.0.0.1
Project("{FAE04EC0-301F-11D3-BF4B-00C04F79EFBC}") = "SoloLearn_2", "SoloLearn-2/SoloLearn-2.csproj", "{1F110C20-250C-46DA-BB5E-0DFA2415DAE3}"
EndProject
Project("{FAE04EC0-301F-11D3-BF4B-00C04F79EFBC}") = "solo-learn-3", "solo-learn-3\solo-learn-3.csproj", "{D7B7E13D-B856-4270-9779-826DC79FEE8F}"
EndProject
Project("{FAE04EC0-301F-11D3-BF4B-00C04F79EFBC}") = "solo-learn-4", "solo-learn-4\solo-learn-4.csproj", "{B665596D-D4E4-47FF-823A-40EDE811AE94}"
EndProject
Project("{FAE04EC0-301F-11D3-BF4B-00C04F79EFBC}") = "solo-learn-5", "solo-learn-5\solo-learn-5.csproj", "{C8BEB67F-DD3B-47DC-9F52-4EE7F53EAD92}"
EndProject
Project("{FAE04EC0-301F-11D3-BF4B-00C04F79EFBC}") = "solo-learn-6", "solo-learn-6\solo-learn-6.csproj", "{DB032791-25D9-4F8E-B615-64DC3E7253DF}"
EndProject
Project("{FAE04EC0-301F-11D3-BF4B-00C04F79EFBC}") = "solo-learn-7", "solo-learn-7\solo-learn-7.csproj", "{F4522A12-B00F-4861-B08D-8AFE7D70DE6B}"
EndProject
Global
	GlobalSection(SolutionConfigurationPlatforms) = preSolution
		Debug|Any CPU = Debug|Any CPU
		Release|Any CPU = Release|Any CPU
	EndGlobalSection
	GlobalSection(ProjectConfigurationPlatforms) = postSolution
		{1F110C20-250C-46DA-BB5E-0DFA2415DAE3}.Debug|Any CPU.ActiveCfg = Debug|Any CPU
		{1F110C20-250C-46DA-BB5E-0DFA2415DAE3}.Debug|Any CPU.Build.0 = Debug|Any CPU
		{1F110C20-250C-46DA-BB5E-0DFA2415DAE3}.Release|Any CPU.ActiveCfg = Release|Any CPU
		{1F110C20-250C-46DA-BB5E-0DFA2415DAE3}.Release|Any CPU.Build.0 = Release|Any CPU
		{D7B7E13D-B856-4270-9779-826DC79FEE8F}.Debug|Any CPU.ActiveCfg = Debug|Any CPU
		{D7B7E13D-B856-4270-9779-826DC79FEE8F}.Debug|Any CPU.Build.0 = Debug|Any CPU
		{D7B7E13D-B856-4270-9779-826DC79FEE8F}.Release|Any CPU.ActiveCfg = Release|Any CPU
		{D7B7E13D-B856-4270-9779-826DC79FEE8F}.Release|Any CPU.Build.0 = Release|Any CPU
		{B665596D-D4E4-47FF-823A-40EDE811AE94}.Debug|Any CPU.ActiveCfg = Debug|Any CPU
		{B665596D-D4E4-47FF-823A-40EDE811AE94}.Debug|Any CPU.Build.0 = Debug|Any CPU
		{B665596D-D4E4-47FF-823A-40EDE811AE94}.Release|Any CPU.ActiveCfg = Release|Any CPU
		{B665596D-D4E4-47FF-823A-40EDE811AE94}.Release|Any CPU.Build.0 = Release|Any CPU
		{C8BEB67F-DD3B-47DC-9F52-4EE7F53EAD92}.Debug|Any CPU.ActiveCfg = Debug|Any CPU
		{C8BEB67F-DD3B-47DC-9F52-4EE7F53EAD92}.Debug|Any CPU.Build.0 = Debug|Any CPU
		{C8BEB67F-DD3B-47DC-9F52-4EE7F53EAD92}.Release|Any CPU.ActiveCfg = Release|Any CPU
		{C8BEB67F-DD3B-47DC-9F52-4EE7F53EAD92}.Release|Any CPU.Build.0 = Release|Any CPU
		{DB032791-25D9-4F8E-B615-64DC3E7253DF}.Debug|Any CPU.ActiveCfg = Debug|Any CPU
		{DB032791-25D9-4F8E-B615-64DC3E7253DF}.Debug|Any CPU.Build.0 = Debug|Any CPU
		{DB032791-25D9-4F8E-B615-64DC3E7253DF}.Release|Any CPU.ActiveCfg = Release|Any CPU
		{DB032791-25D9-4F8E-B615-64DC3E7253DF}.Release|Any CPU.Build.0 = Release|Any CPU
		{F4522A12-B00F-4861-B08D-8AFE7D70DE6B}.Debug|Any CPU.ActiveCfg = Debug|Any CPU
		{F4522A12-B00F-4861-B08D-8AFE7D70DE6B}.Debug|Any CPU.Build.0 = Debug|Any CPU
		{F4522A12-B00F-4861-B08D-8AFE7D70DE6B}.Release|Any CPU.ActiveCfg = Release|Any CPU
		{F4522A12-B00F-4861-B08D-8AFE7D70DE6B}.Release|Any CPU.Build.0 = Release|Any CPU
	EndGlobalSection
	GlobalSection(SolutionProperties) = preSolution
		HideSolutionNode = FALSE
	EndGlobalSection
EndGlobal
